// !$*UTF8*$!
{
	archiveVersion = 1;
	classes = {
	};
	objectVersion = 48;
	objects = {

/* Begin PBXBuildFile section */
		0F0949461FB3459E00D74881 /* LotteryInformationCell.m in Sources */ = {isa = PBXBuildFile; fileRef = 0F0949451FB3459E00D74881 /* LotteryInformationCell.m */; };
		0F0949471FB3484400D74881 /* 液晶数字字体.TTF in Resources */ = {isa = PBXBuildFile; fileRef = 0F0949411FB3436400D74881 /* 液晶数字字体.TTF */; };
		0F0949481FB3484400D74881 /* lcdd.TTF in Resources */ = {isa = PBXBuildFile; fileRef = 0F0949421FB3436400D74881 /* lcdd.TTF */; };
		0F0949491FB3484400D74881 /* liuhecai.ttf in Resources */ = {isa = PBXBuildFile; fileRef = 0F0949401FB3436300D74881 /* liuhecai.ttf */; };
		0F09494A1FB3484400D74881 /* pmzd.ttf in Resources */ = {isa = PBXBuildFile; fileRef = 0F0949431FB3436400D74881 /* pmzd.ttf */; };
		0F09494E1FB34D5900D74881 /* UIView+Frame.m in Sources */ = {isa = PBXBuildFile; fileRef = 0F09494D1FB34D5900D74881 /* UIView+Frame.m */; };
		0F0BB0BB1FAF3B28004773E7 /* Assets.xcassets in Resources */ = {isa = PBXBuildFile; fileRef = 0F0BB0BA1FAF3B28004773E7 /* Assets.xcassets */; };
		0F0BB0BE1FAF3B28004773E7 /* LaunchScreen.storyboard in Resources */ = {isa = PBXBuildFile; fileRef = 0F0BB0BC1FAF3B28004773E7 /* LaunchScreen.storyboard */; };
		0F0BB0C11FAF3B28004773E7 /* main.m in Sources */ = {isa = PBXBuildFile; fileRef = 0F0BB0C01FAF3B28004773E7 /* main.m */; };
		0F0BB0D81FAF4257004773E7 /* LMTabBarController.m in Sources */ = {isa = PBXBuildFile; fileRef = 0F0BB0D71FAF4257004773E7 /* LMTabBarController.m */; };
		0F0BB0DB1FAF4273004773E7 /* LMNavigationController.m in Sources */ = {isa = PBXBuildFile; fileRef = 0F0BB0DA1FAF4273004773E7 /* LMNavigationController.m */; };
		0F0BB0DE1FAF42C4004773E7 /* LMBaseController.m in Sources */ = {isa = PBXBuildFile; fileRef = 0F0BB0DD1FAF42C4004773E7 /* LMBaseController.m */; };
		0F0BB0E11FAF42E0004773E7 /* LMBaseModel.m in Sources */ = {isa = PBXBuildFile; fileRef = 0F0BB0E01FAF42E0004773E7 /* LMBaseModel.m */; };
		0F0BB0E41FAF42F1004773E7 /* LMBaseApi.m in Sources */ = {isa = PBXBuildFile; fileRef = 0F0BB0E31FAF42F1004773E7 /* LMBaseApi.m */; };
		0F0BB0F11FAF476B004773E7 /* LMNetworkingManager.m in Sources */ = {isa = PBXBuildFile; fileRef = 0F0BB0F01FAF476B004773E7 /* LMNetworkingManager.m */; };
		0F0BB0F51FAF47CD004773E7 /* LMResponse.m in Sources */ = {isa = PBXBuildFile; fileRef = 0F0BB0F41FAF47CD004773E7 /* LMResponse.m */; };
		0F0BB0F91FAF4B04004773E7 /* LMProgressHud.m in Sources */ = {isa = PBXBuildFile; fileRef = 0F0BB0F81FAF4B04004773E7 /* LMProgressHud.m */; };
		0F0BB0FD1FAF500A004773E7 /* UIColor+Transform.m in Sources */ = {isa = PBXBuildFile; fileRef = 0F0BB0FC1FAF500A004773E7 /* UIColor+Transform.m */; };
		844D1B8C1FB1BD1B009E90C6 /* HomeLotteryCell.m in Sources */ = {isa = PBXBuildFile; fileRef = 844D1B8B1FB1BD1B009E90C6 /* HomeLotteryCell.m */; };
		84551EE31FB29DC6008583C8 /* LoopTextScrollView.m in Sources */ = {isa = PBXBuildFile; fileRef = 84551EE21FB29DC6008583C8 /* LoopTextScrollView.m */; };
		84551EE61FB2C7A2008583C8 /* UIImage+GradientColor.m in Sources */ = {isa = PBXBuildFile; fileRef = 84551EE51FB2C7A2008583C8 /* UIImage+GradientColor.m */; };
		84551EEA1FB2EAF5008583C8 /* HomeLotteryModel.m in Sources */ = {isa = PBXBuildFile; fileRef = 84551EE91FB2EAF5008583C8 /* HomeLotteryModel.m */; };
		84551EEE1FB2F7B7008583C8 /* LMLotteryHallApi.m in Sources */ = {isa = PBXBuildFile; fileRef = 84551EED1FB2F7B7008583C8 /* LMLotteryHallApi.m */; };
		84551EF21FB30198008583C8 /* LMPlayBaseController.m in Sources */ = {isa = PBXBuildFile; fileRef = 84551EF11FB30198008583C8 /* LMPlayBaseController.m */; };
		84551EF81FB3026D008583C8 /* LMXLXCLotteryController.m in Sources */ = {isa = PBXBuildFile; fileRef = 84551EF71FB3026D008583C8 /* LMXLXCLotteryController.m */; };
		848A722F1FB0512F001AD512 /* LMCircleBannerView.m in Sources */ = {isa = PBXBuildFile; fileRef = 848A722E1FB0512F001AD512 /* LMCircleBannerView.m */; };
		84F73A1F1FB145A7004D9992 /* LMTabBar.m in Sources */ = {isa = PBXBuildFile; fileRef = 84F73A1E1FB145A7004D9992 /* LMTabBar.m */; };
		84F73A221FB145ED004D9992 /* LMBettingRecordController.m in Sources */ = {isa = PBXBuildFile; fileRef = 84F73A211FB145ED004D9992 /* LMBettingRecordController.m */; };
		84F73A251FB14606004D9992 /* LMHomeViewController.m in Sources */ = {isa = PBXBuildFile; fileRef = 84F73A241FB14606004D9992 /* LMHomeViewController.m */; };
		84F73A281FB14625004D9992 /* LMLotteryInformationController.m in Sources */ = {isa = PBXBuildFile; fileRef = 84F73A271FB14625004D9992 /* LMLotteryInformationController.m */; };
		84F73A2B1FB14636004D9992 /* LMMineViewController.m in Sources */ = {isa = PBXBuildFile; fileRef = 84F73A2A1FB14636004D9992 /* LMMineViewController.m */; };
		84F73A311FB146DC004D9992 /* LMRechargeRoomController.m in Sources */ = {isa = PBXBuildFile; fileRef = 84F73A301FB146DC004D9992 /* LMRechargeRoomController.m */; };
		84F73A361FB14AA9004D9992 /* LMAppDelegate.m in Sources */ = {isa = PBXBuildFile; fileRef = 84F73A351FB14AA9004D9992 /* LMAppDelegate.m */; };
		84F73A391FB14FB0004D9992 /* LMHomeView.m in Sources */ = {isa = PBXBuildFile; fileRef = 84F73A381FB14FB0004D9992 /* LMHomeView.m */; };
		84F73A3D1FB15065004D9992 /* LMHomeApi.m in Sources */ = {isa = PBXBuildFile; fileRef = 84F73A3C1FB15065004D9992 /* LMHomeApi.m */; };
		A1159D499BC4C424DE1250DE /* libPods-LMQPLottery.a in Frameworks */ = {isa = PBXBuildFile; fileRef = B306CB64B1216D2255DAB3B4 /* libPods-LMQPLottery.a */; };
/* End PBXBuildFile section */

/* Begin PBXFileReference section */
		0F0949401FB3436300D74881 /* liuhecai.ttf */ = {isa = PBXFileReference; lastKnownFileType = file; path = liuhecai.ttf; sourceTree = "<group>"; };
		0F0949411FB3436400D74881 /* 液晶数字字体.TTF */ = {isa = PBXFileReference; lastKnownFileType = file; path = "液晶数字字体.TTF"; sourceTree = "<group>"; };
		0F0949421FB3436400D74881 /* lcdd.TTF */ = {isa = PBXFileReference; lastKnownFileType = file; path = lcdd.TTF; sourceTree = "<group>"; };
		0F0949431FB3436400D74881 /* pmzd.ttf */ = {isa = PBXFileReference; lastKnownFileType = file; path = pmzd.ttf; sourceTree = "<group>"; };
		0F0949441FB3459E00D74881 /* LotteryInformationCell.h */ = {isa = PBXFileReference; lastKnownFileType = sourcecode.c.h; name = LotteryInformationCell.h; path = LMQPLottery/Support/Category/UIColor/LotteryInformationCell.h; sourceTree = SOURCE_ROOT; };
		0F0949451FB3459E00D74881 /* LotteryInformationCell.m */ = {isa = PBXFileReference; lastKnownFileType = sourcecode.c.objc; name = LotteryInformationCell.m; path = LMQPLottery/Support/Category/UIColor/LotteryInformationCell.m; sourceTree = SOURCE_ROOT; };
		0F09494C1FB34D5900D74881 /* UIView+Frame.h */ = {isa = PBXFileReference; lastKnownFileType = sourcecode.c.h; path = "UIView+Frame.h"; sourceTree = "<group>"; };
		0F09494D1FB34D5900D74881 /* UIView+Frame.m */ = {isa = PBXFileReference; lastKnownFileType = sourcecode.c.objc; path = "UIView+Frame.m"; sourceTree = "<group>"; };
		0F0BB0AE1FAF3B28004773E7 /* LMQPLottery.app */ = {isa = PBXFileReference; explicitFileType = wrapper.application; includeInIndex = 0; path = LMQPLottery.app; sourceTree = BUILT_PRODUCTS_DIR; };
		0F0BB0BA1FAF3B28004773E7 /* Assets.xcassets */ = {isa = PBXFileReference; lastKnownFileType = folder.assetcatalog; path = Assets.xcassets; sourceTree = "<group>"; };
		0F0BB0BD1FAF3B28004773E7 /* Base */ = {isa = PBXFileReference; lastKnownFileType = file.storyboard; name = Base; path = Base.lproj/LaunchScreen.storyboard; sourceTree = "<group>"; };
		0F0BB0BF1FAF3B28004773E7 /* Info.plist */ = {isa = PBXFileReference; lastKnownFileType = text.plist.xml; path = Info.plist; sourceTree = "<group>"; };
		0F0BB0C01FAF3B28004773E7 /* main.m */ = {isa = PBXFileReference; lastKnownFileType = sourcecode.c.objc; path = main.m; sourceTree = "<group>"; };
		0F0BB0D61FAF4257004773E7 /* LMTabBarController.h */ = {isa = PBXFileReference; lastKnownFileType = sourcecode.c.h; path = LMTabBarController.h; sourceTree = "<group>"; };
		0F0BB0D71FAF4257004773E7 /* LMTabBarController.m */ = {isa = PBXFileReference; lastKnownFileType = sourcecode.c.objc; path = LMTabBarController.m; sourceTree = "<group>"; };
		0F0BB0D91FAF4273004773E7 /* LMNavigationController.h */ = {isa = PBXFileReference; lastKnownFileType = sourcecode.c.h; path = LMNavigationController.h; sourceTree = "<group>"; };
		0F0BB0DA1FAF4273004773E7 /* LMNavigationController.m */ = {isa = PBXFileReference; lastKnownFileType = sourcecode.c.objc; path = LMNavigationController.m; sourceTree = "<group>"; };
		0F0BB0DC1FAF42C4004773E7 /* LMBaseController.h */ = {isa = PBXFileReference; lastKnownFileType = sourcecode.c.h; path = LMBaseController.h; sourceTree = "<group>"; };
		0F0BB0DD1FAF42C4004773E7 /* LMBaseController.m */ = {isa = PBXFileReference; lastKnownFileType = sourcecode.c.objc; path = LMBaseController.m; sourceTree = "<group>"; };
		0F0BB0DF1FAF42E0004773E7 /* LMBaseModel.h */ = {isa = PBXFileReference; lastKnownFileType = sourcecode.c.h; path = LMBaseModel.h; sourceTree = "<group>"; };
		0F0BB0E01FAF42E0004773E7 /* LMBaseModel.m */ = {isa = PBXFileReference; lastKnownFileType = sourcecode.c.objc; path = LMBaseModel.m; sourceTree = "<group>"; };
		0F0BB0E21FAF42F1004773E7 /* LMBaseApi.h */ = {isa = PBXFileReference; lastKnownFileType = sourcecode.c.h; path = LMBaseApi.h; sourceTree = "<group>"; };
		0F0BB0E31FAF42F1004773E7 /* LMBaseApi.m */ = {isa = PBXFileReference; lastKnownFileType = sourcecode.c.objc; path = LMBaseApi.m; sourceTree = "<group>"; };
		0F0BB0EB1FAF4514004773E7 /* LMPrefixHeader.pch */ = {isa = PBXFileReference; lastKnownFileType = sourcecode.c.h; path = LMPrefixHeader.pch; sourceTree = "<group>"; };
		0F0BB0EC1FAF4532004773E7 /* LMApi.h */ = {isa = PBXFileReference; lastKnownFileType = sourcecode.c.h; path = LMApi.h; sourceTree = "<group>"; };
		0F0BB0ED1FAF4590004773E7 /* LMConst.h */ = {isa = PBXFileReference; lastKnownFileType = sourcecode.c.h; path = LMConst.h; sourceTree = "<group>"; };
		0F0BB0EF1FAF476B004773E7 /* LMNetworkingManager.h */ = {isa = PBXFileReference; lastKnownFileType = sourcecode.c.h; path = LMNetworkingManager.h; sourceTree = "<group>"; };
		0F0BB0F01FAF476B004773E7 /* LMNetworkingManager.m */ = {isa = PBXFileReference; lastKnownFileType = sourcecode.c.objc; path = LMNetworkingManager.m; sourceTree = "<group>"; };
		0F0BB0F31FAF47CD004773E7 /* LMResponse.h */ = {isa = PBXFileReference; lastKnownFileType = sourcecode.c.h; path = LMResponse.h; sourceTree = "<group>"; };
		0F0BB0F41FAF47CD004773E7 /* LMResponse.m */ = {isa = PBXFileReference; lastKnownFileType = sourcecode.c.objc; path = LMResponse.m; sourceTree = "<group>"; };
		0F0BB0F71FAF4B04004773E7 /* LMProgressHud.h */ = {isa = PBXFileReference; lastKnownFileType = sourcecode.c.h; path = LMProgressHud.h; sourceTree = "<group>"; };
		0F0BB0F81FAF4B04004773E7 /* LMProgressHud.m */ = {isa = PBXFileReference; lastKnownFileType = sourcecode.c.objc; path = LMProgressHud.m; sourceTree = "<group>"; };
		0F0BB0FB1FAF500A004773E7 /* UIColor+Transform.h */ = {isa = PBXFileReference; lastKnownFileType = sourcecode.c.h; path = "UIColor+Transform.h"; sourceTree = "<group>"; };
		0F0BB0FC1FAF500A004773E7 /* UIColor+Transform.m */ = {isa = PBXFileReference; lastKnownFileType = sourcecode.c.objc; path = "UIColor+Transform.m"; sourceTree = "<group>"; };
		844D1B8A1FB1BD1B009E90C6 /* HomeLotteryCell.h */ = {isa = PBXFileReference; lastKnownFileType = sourcecode.c.h; path = HomeLotteryCell.h; sourceTree = "<group>"; };
		844D1B8B1FB1BD1B009E90C6 /* HomeLotteryCell.m */ = {isa = PBXFileReference; lastKnownFileType = sourcecode.c.objc; path = HomeLotteryCell.m; sourceTree = "<group>"; };
		84551EE11FB29DC6008583C8 /* LoopTextScrollView.h */ = {isa = PBXFileReference; lastKnownFileType = sourcecode.c.h; path = LoopTextScrollView.h; sourceTree = "<group>"; };
		84551EE21FB29DC6008583C8 /* LoopTextScrollView.m */ = {isa = PBXFileReference; lastKnownFileType = sourcecode.c.objc; path = LoopTextScrollView.m; sourceTree = "<group>"; };
		84551EE41FB2C7A2008583C8 /* UIImage+GradientColor.h */ = {isa = PBXFileReference; lastKnownFileType = sourcecode.c.h; path = "UIImage+GradientColor.h"; sourceTree = "<group>"; };
		84551EE51FB2C7A2008583C8 /* UIImage+GradientColor.m */ = {isa = PBXFileReference; lastKnownFileType = sourcecode.c.objc; path = "UIImage+GradientColor.m"; sourceTree = "<group>"; };
		84551EE81FB2EAF5008583C8 /* HomeLotteryModel.h */ = {isa = PBXFileReference; lastKnownFileType = sourcecode.c.h; path = HomeLotteryModel.h; sourceTree = "<group>"; };
		84551EE91FB2EAF5008583C8 /* HomeLotteryModel.m */ = {isa = PBXFileReference; lastKnownFileType = sourcecode.c.objc; path = HomeLotteryModel.m; sourceTree = "<group>"; };
		84551EEC1FB2F7B7008583C8 /* LMLotteryHallApi.h */ = {isa = PBXFileReference; lastKnownFileType = sourcecode.c.h; path = LMLotteryHallApi.h; sourceTree = "<group>"; };
		84551EED1FB2F7B7008583C8 /* LMLotteryHallApi.m */ = {isa = PBXFileReference; lastKnownFileType = sourcecode.c.objc; path = LMLotteryHallApi.m; sourceTree = "<group>"; };
		84551EF01FB30198008583C8 /* LMPlayBaseController.h */ = {isa = PBXFileReference; lastKnownFileType = sourcecode.c.h; path = LMPlayBaseController.h; sourceTree = "<group>"; };
		84551EF11FB30198008583C8 /* LMPlayBaseController.m */ = {isa = PBXFileReference; lastKnownFileType = sourcecode.c.objc; path = LMPlayBaseController.m; sourceTree = "<group>"; };
		84551EF61FB3026D008583C8 /* LMXLXCLotteryController.h */ = {isa = PBXFileReference; lastKnownFileType = sourcecode.c.h; path = LMXLXCLotteryController.h; sourceTree = "<group>"; };
		84551EF71FB3026D008583C8 /* LMXLXCLotteryController.m */ = {isa = PBXFileReference; lastKnownFileType = sourcecode.c.objc; path = LMXLXCLotteryController.m; sourceTree = "<group>"; };
		848A722D1FB0512F001AD512 /* LMCircleBannerView.h */ = {isa = PBXFileReference; lastKnownFileType = sourcecode.c.h; path = LMCircleBannerView.h; sourceTree = "<group>"; };
		848A722E1FB0512F001AD512 /* LMCircleBannerView.m */ = {isa = PBXFileReference; lastKnownFileType = sourcecode.c.objc; path = LMCircleBannerView.m; sourceTree = "<group>"; };
		84F73A1D1FB145A7004D9992 /* LMTabBar.h */ = {isa = PBXFileReference; lastKnownFileType = sourcecode.c.h; path = LMTabBar.h; sourceTree = "<group>"; };
		84F73A1E1FB145A7004D9992 /* LMTabBar.m */ = {isa = PBXFileReference; lastKnownFileType = sourcecode.c.objc; path = LMTabBar.m; sourceTree = "<group>"; };
		84F73A201FB145ED004D9992 /* LMBettingRecordController.h */ = {isa = PBXFileReference; lastKnownFileType = sourcecode.c.h; path = LMBettingRecordController.h; sourceTree = "<group>"; };
		84F73A211FB145ED004D9992 /* LMBettingRecordController.m */ = {isa = PBXFileReference; lastKnownFileType = sourcecode.c.objc; path = LMBettingRecordController.m; sourceTree = "<group>"; };
		84F73A231FB14606004D9992 /* LMHomeViewController.h */ = {isa = PBXFileReference; lastKnownFileType = sourcecode.c.h; path = LMHomeViewController.h; sourceTree = "<group>"; };
		84F73A241FB14606004D9992 /* LMHomeViewController.m */ = {isa = PBXFileReference; lastKnownFileType = sourcecode.c.objc; path = LMHomeViewController.m; sourceTree = "<group>"; };
		84F73A261FB14625004D9992 /* LMLotteryInformationController.h */ = {isa = PBXFileReference; lastKnownFileType = sourcecode.c.h; path = LMLotteryInformationController.h; sourceTree = "<group>"; };
		84F73A271FB14625004D9992 /* LMLotteryInformationController.m */ = {isa = PBXFileReference; lastKnownFileType = sourcecode.c.objc; path = LMLotteryInformationController.m; sourceTree = "<group>"; };
		84F73A291FB14636004D9992 /* LMMineViewController.h */ = {isa = PBXFileReference; lastKnownFileType = sourcecode.c.h; path = LMMineViewController.h; sourceTree = "<group>"; };
		84F73A2A1FB14636004D9992 /* LMMineViewController.m */ = {isa = PBXFileReference; lastKnownFileType = sourcecode.c.objc; path = LMMineViewController.m; sourceTree = "<group>"; };
		84F73A2F1FB146DC004D9992 /* LMRechargeRoomController.h */ = {isa = PBXFileReference; lastKnownFileType = sourcecode.c.h; path = LMRechargeRoomController.h; sourceTree = "<group>"; };
		84F73A301FB146DC004D9992 /* LMRechargeRoomController.m */ = {isa = PBXFileReference; lastKnownFileType = sourcecode.c.objc; path = LMRechargeRoomController.m; sourceTree = "<group>"; };
		84F73A341FB14AA9004D9992 /* LMAppDelegate.h */ = {isa = PBXFileReference; lastKnownFileType = sourcecode.c.h; path = LMAppDelegate.h; sourceTree = "<group>"; };
		84F73A351FB14AA9004D9992 /* LMAppDelegate.m */ = {isa = PBXFileReference; lastKnownFileType = sourcecode.c.objc; path = LMAppDelegate.m; sourceTree = "<group>"; };
		84F73A371FB14FB0004D9992 /* LMHomeView.h */ = {isa = PBXFileReference; lastKnownFileType = sourcecode.c.h; path = LMHomeView.h; sourceTree = "<group>"; };
		84F73A381FB14FB0004D9992 /* LMHomeView.m */ = {isa = PBXFileReference; lastKnownFileType = sourcecode.c.objc; path = LMHomeView.m; sourceTree = "<group>"; };
		84F73A3B1FB15065004D9992 /* LMHomeApi.h */ = {isa = PBXFileReference; lastKnownFileType = sourcecode.c.h; path = LMHomeApi.h; sourceTree = "<group>"; };
		84F73A3C1FB15065004D9992 /* LMHomeApi.m */ = {isa = PBXFileReference; lastKnownFileType = sourcecode.c.objc; path = LMHomeApi.m; sourceTree = "<group>"; };
		B306CB64B1216D2255DAB3B4 /* libPods-LMQPLottery.a */ = {isa = PBXFileReference; explicitFileType = archive.ar; includeInIndex = 0; path = "libPods-LMQPLottery.a"; sourceTree = BUILT_PRODUCTS_DIR; };
		B41B6C75DE253F90A1B34989 /* Pods-LMQPLottery.debug.xcconfig */ = {isa = PBXFileReference; includeInIndex = 1; lastKnownFileType = text.xcconfig; name = "Pods-LMQPLottery.debug.xcconfig"; path = "Pods/Target Support Files/Pods-LMQPLottery/Pods-LMQPLottery.debug.xcconfig"; sourceTree = "<group>"; };
		D0F830393252B24B7D9A6298 /* Pods-LMQPLottery.release.xcconfig */ = {isa = PBXFileReference; includeInIndex = 1; lastKnownFileType = text.xcconfig; name = "Pods-LMQPLottery.release.xcconfig"; path = "Pods/Target Support Files/Pods-LMQPLottery/Pods-LMQPLottery.release.xcconfig"; sourceTree = "<group>"; };
/* End PBXFileReference section */

/* Begin PBXFrameworksBuildPhase section */
		0F0BB0AB1FAF3B28004773E7 /* Frameworks */ = {
			isa = PBXFrameworksBuildPhase;
			buildActionMask = 2147483647;
			files = (
				A1159D499BC4C424DE1250DE /* libPods-LMQPLottery.a in Frameworks */,
			);
			runOnlyForDeploymentPostprocessing = 0;
		};
/* End PBXFrameworksBuildPhase section */

/* Begin PBXGroup section */
		0F09493F1FB3435600D74881 /* 字体 */ = {
			isa = PBXGroup;
			children = (
				0F0949411FB3436400D74881 /* 液晶数字字体.TTF */,
				0F0949421FB3436400D74881 /* lcdd.TTF */,
				0F0949401FB3436300D74881 /* liuhecai.ttf */,
				0F0949431FB3436400D74881 /* pmzd.ttf */,
			);
			path = "字体";
			sourceTree = "<group>";
		};
		0F09494B1FB34CF800D74881 /* UIView */ = {
			isa = PBXGroup;
			children = (
				0F09494C1FB34D5900D74881 /* UIView+Frame.h */,
				0F09494D1FB34D5900D74881 /* UIView+Frame.m */,
			);
			path = UIView;
			sourceTree = "<group>";
		};
		0F0BB0A51FAF3B28004773E7 = {
			isa = PBXGroup;
			children = (
				0F0BB0B01FAF3B28004773E7 /* LMQPLottery */,
				0F0BB0AF1FAF3B28004773E7 /* Products */,
				50CD4C55D052263F4481B0A9 /* Pods */,
				D4739749F10DA0BAFA0D90B7 /* Frameworks */,
			);
			sourceTree = "<group>";
		};
		0F0BB0AF1FAF3B28004773E7 /* Products */ = {
			isa = PBXGroup;
			children = (
				0F0BB0AE1FAF3B28004773E7 /* LMQPLottery.app */,
			);
			name = Products;
			sourceTree = "<group>";
		};
		0F0BB0B01FAF3B28004773E7 /* LMQPLottery */ = {
			isa = PBXGroup;
			children = (
				0F0BB0C71FAF408E004773E7 /* Api */,
				0F0BB0CB1FAF408F004773E7 /* Base */,
				0F0BB0CC1FAF408F004773E7 /* Classes */,
				0F0BB0CA1FAF408F004773E7 /* Custom */,
				0F0BB0C81FAF408E004773E7 /* Other */,
				0F0BB0C91FAF408F004773E7 /* Support */,
				0F0BB0BA1FAF3B28004773E7 /* Assets.xcassets */,
				0F0BB0BC1FAF3B28004773E7 /* LaunchScreen.storyboard */,
				0F0BB0BF1FAF3B28004773E7 /* Info.plist */,
				0F0BB0C01FAF3B28004773E7 /* main.m */,
			);
			path = LMQPLottery;
			sourceTree = "<group>";
		};
		0F0BB0C71FAF408E004773E7 /* Api */ = {
			isa = PBXGroup;
			children = (
				84551EEB1FB2F7A1008583C8 /* LMLotteryHallApi */,
				84F73A3A1FB15051004D9992 /* LMHomeApi */,
				0F0BB0F21FAF47BD004773E7 /* LMResponse */,
				0F0BB0EE1FAF4752004773E7 /* LMNetworkingManager */,
			);
			path = Api;
			sourceTree = "<group>";
		};
		0F0BB0C81FAF408E004773E7 /* Other */ = {
			isa = PBXGroup;
			children = (
				84F73A341FB14AA9004D9992 /* LMAppDelegate.h */,
				84F73A351FB14AA9004D9992 /* LMAppDelegate.m */,
			);
			path = Other;
			sourceTree = "<group>";
		};
		0F0BB0C91FAF408F004773E7 /* Support */ = {
			isa = PBXGroup;
			children = (
				0F09493F1FB3435600D74881 /* 字体 */,
				0F0BB0E71FAF44B2004773E7 /* Category */,
				0F0BB0E61FAF44B2004773E7 /* PCH */,
				0F0BB0E51FAF44B2004773E7 /* Tool */,
			);
			path = Support;
			sourceTree = "<group>";
		};
		0F0BB0CA1FAF408F004773E7 /* Custom */ = {
			isa = PBXGroup;
			children = (
				84551EEF1FB3017C008583C8 /* LMPlayBaseController */,
				848A722C1FB05022001AD512 /* LMBannerView */,
				0F0BB0F61FAF4AE4004773E7 /* LMProgressHud */,
			);
			path = Custom;
			sourceTree = "<group>";
		};
		0F0BB0CB1FAF408F004773E7 /* Base */ = {
			isa = PBXGroup;
			children = (
				0F0BB0E81FAF44EC004773E7 /* LMBaseApi */,
				0F0BB0E91FAF44ED004773E7 /* LMBaseController */,
				0F0BB0EA1FAF44ED004773E7 /* LMBaseModel */,
			);
			path = Base;
			sourceTree = "<group>";
		};
		0F0BB0CC1FAF408F004773E7 /* Classes */ = {
			isa = PBXGroup;
			children = (
				0F0BB0CD1FAF41A5004773E7 /* Main */,
				84F73A081FB14567004D9992 /* BettingRecord */,
				84F73A101FB14567004D9992 /* Home */,
				84F73A0C1FB14567004D9992 /* LotteryInformation */,
				84F73A181FB14567004D9992 /* Mine */,
				84F73A141FB14567004D9992 /* RechargeRoom */,
			);
			path = Classes;
			sourceTree = "<group>";
		};
		0F0BB0CD1FAF41A5004773E7 /* Main */ = {
			isa = PBXGroup;
			children = (
				84F73A1C1FB14581004D9992 /* View */,
				0F0BB0D51FAF4230004773E7 /* Controller */,
			);
			path = Main;
			sourceTree = "<group>";
		};
		0F0BB0D51FAF4230004773E7 /* Controller */ = {
			isa = PBXGroup;
			children = (
				0F0BB0D61FAF4257004773E7 /* LMTabBarController.h */,
				0F0BB0D71FAF4257004773E7 /* LMTabBarController.m */,
				0F0BB0D91FAF4273004773E7 /* LMNavigationController.h */,
				0F0BB0DA1FAF4273004773E7 /* LMNavigationController.m */,
			);
			path = Controller;
			sourceTree = "<group>";
		};
		0F0BB0E51FAF44B2004773E7 /* Tool */ = {
			isa = PBXGroup;
			children = (
			);
			path = Tool;
			sourceTree = "<group>";
		};
		0F0BB0E61FAF44B2004773E7 /* PCH */ = {
			isa = PBXGroup;
			children = (
				0F0BB0EB1FAF4514004773E7 /* LMPrefixHeader.pch */,
				0F0BB0EC1FAF4532004773E7 /* LMApi.h */,
				0F0BB0ED1FAF4590004773E7 /* LMConst.h */,
			);
			path = PCH;
			sourceTree = "<group>";
		};
		0F0BB0E71FAF44B2004773E7 /* Category */ = {
			isa = PBXGroup;
			children = (
				0F09494B1FB34CF800D74881 /* UIView */,
				84551EE71FB2CA3B008583C8 /* UIImage */,
				0F0BB0FA1FAF4FE5004773E7 /* UIColor */,
			);
			path = Category;
			sourceTree = "<group>";
		};
		0F0BB0E81FAF44EC004773E7 /* LMBaseApi */ = {
			isa = PBXGroup;
			children = (
				0F0BB0E21FAF42F1004773E7 /* LMBaseApi.h */,
				0F0BB0E31FAF42F1004773E7 /* LMBaseApi.m */,
			);
			path = LMBaseApi;
			sourceTree = "<group>";
		};
		0F0BB0E91FAF44ED004773E7 /* LMBaseController */ = {
			isa = PBXGroup;
			children = (
				0F0BB0DC1FAF42C4004773E7 /* LMBaseController.h */,
				0F0BB0DD1FAF42C4004773E7 /* LMBaseController.m */,
			);
			path = LMBaseController;
			sourceTree = "<group>";
		};
		0F0BB0EA1FAF44ED004773E7 /* LMBaseModel */ = {
			isa = PBXGroup;
			children = (
				0F0BB0DF1FAF42E0004773E7 /* LMBaseModel.h */,
				0F0BB0E01FAF42E0004773E7 /* LMBaseModel.m */,
			);
			path = LMBaseModel;
			sourceTree = "<group>";
		};
		0F0BB0EE1FAF4752004773E7 /* LMNetworkingManager */ = {
			isa = PBXGroup;
			children = (
				0F0BB0EF1FAF476B004773E7 /* LMNetworkingManager.h */,
				0F0BB0F01FAF476B004773E7 /* LMNetworkingManager.m */,
			);
			path = LMNetworkingManager;
			sourceTree = "<group>";
		};
		0F0BB0F21FAF47BD004773E7 /* LMResponse */ = {
			isa = PBXGroup;
			children = (
				0F0BB0F31FAF47CD004773E7 /* LMResponse.h */,
				0F0BB0F41FAF47CD004773E7 /* LMResponse.m */,
			);
			path = LMResponse;
			sourceTree = "<group>";
		};
		0F0BB0F61FAF4AE4004773E7 /* LMProgressHud */ = {
			isa = PBXGroup;
			children = (
				0F0BB0F71FAF4B04004773E7 /* LMProgressHud.h */,
				0F0BB0F81FAF4B04004773E7 /* LMProgressHud.m */,
			);
			path = LMProgressHud;
			sourceTree = "<group>";
		};
		0F0BB0FA1FAF4FE5004773E7 /* UIColor */ = {
			isa = PBXGroup;
			children = (
				0F0BB0FB1FAF500A004773E7 /* UIColor+Transform.h */,
				0F0BB0FC1FAF500A004773E7 /* UIColor+Transform.m */,
			);
			path = UIColor;
			sourceTree = "<group>";
		};
		50CD4C55D052263F4481B0A9 /* Pods */ = {
			isa = PBXGroup;
			children = (
				B41B6C75DE253F90A1B34989 /* Pods-LMQPLottery.debug.xcconfig */,
				D0F830393252B24B7D9A6298 /* Pods-LMQPLottery.release.xcconfig */,
			);
			name = Pods;
			sourceTree = "<group>";
		};
		84551EE71FB2CA3B008583C8 /* UIImage */ = {
			isa = PBXGroup;
			children = (
				84551EE41FB2C7A2008583C8 /* UIImage+GradientColor.h */,
				84551EE51FB2C7A2008583C8 /* UIImage+GradientColor.m */,
			);
			path = UIImage;
			sourceTree = "<group>";
		};
		84551EEB1FB2F7A1008583C8 /* LMLotteryHallApi */ = {
			isa = PBXGroup;
			children = (
				84551EEC1FB2F7B7008583C8 /* LMLotteryHallApi.h */,
				84551EED1FB2F7B7008583C8 /* LMLotteryHallApi.m */,
			);
			path = LMLotteryHallApi;
			sourceTree = "<group>";
		};
		84551EEF1FB3017C008583C8 /* LMPlayBaseController */ = {
			isa = PBXGroup;
			children = (
				84551EF01FB30198008583C8 /* LMPlayBaseController.h */,
				84551EF11FB30198008583C8 /* LMPlayBaseController.m */,
			);
			path = LMPlayBaseController;
			sourceTree = "<group>";
		};
		84551EF31FB301DA008583C8 /* LMHomeViewController */ = {
			isa = PBXGroup;
			children = (
				84F73A231FB14606004D9992 /* LMHomeViewController.h */,
				84F73A241FB14606004D9992 /* LMHomeViewController.m */,
			);
			path = LMHomeViewController;
			sourceTree = "<group>";
		};
		84551EF41FB301F9008583C8 /* LMLotteryHallController */ = {
			isa = PBXGroup;
			children = (
				84551EF51FB30244008583C8 /* 新六合彩 */,
			);
			path = LMLotteryHallController;
			sourceTree = "<group>";
		};
		84551EF51FB30244008583C8 /* 新六合彩 */ = {
			isa = PBXGroup;
			children = (
				84551EF61FB3026D008583C8 /* LMXLXCLotteryController.h */,
				84551EF71FB3026D008583C8 /* LMXLXCLotteryController.m */,
			);
			path = "新六合彩";
			sourceTree = "<group>";
		};
		848A722C1FB05022001AD512 /* LMBannerView */ = {
			isa = PBXGroup;
			children = (
				848A722D1FB0512F001AD512 /* LMCircleBannerView.h */,
				848A722E1FB0512F001AD512 /* LMCircleBannerView.m */,
			);
			path = LMBannerView;
			sourceTree = "<group>";
		};
		84F73A081FB14567004D9992 /* BettingRecord */ = {
			isa = PBXGroup;
			children = (
				84F73A091FB14567004D9992 /* Controller */,
				84F73A0A1FB14567004D9992 /* Model */,
				84F73A0B1FB14567004D9992 /* View */,
			);
			path = BettingRecord;
			sourceTree = "<group>";
		};
		84F73A091FB14567004D9992 /* Controller */ = {
			isa = PBXGroup;
			children = (
				84F73A201FB145ED004D9992 /* LMBettingRecordController.h */,
				84F73A211FB145ED004D9992 /* LMBettingRecordController.m */,
			);
			path = Controller;
			sourceTree = "<group>";
		};
		84F73A0A1FB14567004D9992 /* Model */ = {
			isa = PBXGroup;
			children = (
			);
			path = Model;
			sourceTree = "<group>";
		};
		84F73A0B1FB14567004D9992 /* View */ = {
			isa = PBXGroup;
			children = (
			);
			path = View;
			sourceTree = "<group>";
		};
		84F73A0C1FB14567004D9992 /* LotteryInformation */ = {
			isa = PBXGroup;
			children = (
				84F73A0D1FB14567004D9992 /* Controller */,
				84F73A0E1FB14567004D9992 /* Model */,
				84F73A0F1FB14567004D9992 /* View */,
			);
			path = LotteryInformation;
			sourceTree = "<group>";
		};
		84F73A0D1FB14567004D9992 /* Controller */ = {
			isa = PBXGroup;
			children = (
				84F73A261FB14625004D9992 /* LMLotteryInformationController.h */,
				84F73A271FB14625004D9992 /* LMLotteryInformationController.m */,
			);
			path = Controller;
			sourceTree = "<group>";
		};
		84F73A0E1FB14567004D9992 /* Model */ = {
			isa = PBXGroup;
			children = (
			);
			path = Model;
			sourceTree = "<group>";
		};
		84F73A0F1FB14567004D9992 /* View */ = {
			isa = PBXGroup;
			children = (
				0F0949441FB3459E00D74881 /* LotteryInformationCell.h */,
				0F0949451FB3459E00D74881 /* LotteryInformationCell.m */,
			);
			path = View;
			sourceTree = "<group>";
		};
		84F73A101FB14567004D9992 /* Home */ = {
			isa = PBXGroup;
			children = (
				84F73A111FB14567004D9992 /* Controller */,
				84F73A121FB14567004D9992 /* Model */,
				84F73A131FB14567004D9992 /* View */,
			);
			path = Home;
			sourceTree = "<group>";
		};
		84F73A111FB14567004D9992 /* Controller */ = {
			isa = PBXGroup;
			children = (
				84551EF41FB301F9008583C8 /* LMLotteryHallController */,
				84551EF31FB301DA008583C8 /* LMHomeViewController */,
			);
			path = Controller;
			sourceTree = "<group>";
		};
		84F73A121FB14567004D9992 /* Model */ = {
			isa = PBXGroup;
			children = (
				84551EE81FB2EAF5008583C8 /* HomeLotteryModel.h */,
				84551EE91FB2EAF5008583C8 /* HomeLotteryModel.m */,
			);
			path = Model;
			sourceTree = "<group>";
		};
		84F73A131FB14567004D9992 /* View */ = {
			isa = PBXGroup;
			children = (
				84F73A371FB14FB0004D9992 /* LMHomeView.h */,
				84F73A381FB14FB0004D9992 /* LMHomeView.m */,
				844D1B8A1FB1BD1B009E90C6 /* HomeLotteryCell.h */,
				844D1B8B1FB1BD1B009E90C6 /* HomeLotteryCell.m */,
				84551EE11FB29DC6008583C8 /* LoopTextScrollView.h */,
				84551EE21FB29DC6008583C8 /* LoopTextScrollView.m */,
			);
			path = View;
			sourceTree = "<group>";
		};
		84F73A141FB14567004D9992 /* RechargeRoom */ = {
			isa = PBXGroup;
			children = (
				84F73A151FB14567004D9992 /* Controller */,
				84F73A161FB14567004D9992 /* Model */,
				84F73A171FB14567004D9992 /* View */,
			);
			path = RechargeRoom;
			sourceTree = "<group>";
		};
		84F73A151FB14567004D9992 /* Controller */ = {
			isa = PBXGroup;
			children = (
				84F73A2F1FB146DC004D9992 /* LMRechargeRoomController.h */,
				84F73A301FB146DC004D9992 /* LMRechargeRoomController.m */,
			);
			path = Controller;
			sourceTree = "<group>";
		};
		84F73A161FB14567004D9992 /* Model */ = {
			isa = PBXGroup;
			children = (
			);
			path = Model;
			sourceTree = "<group>";
		};
		84F73A171FB14567004D9992 /* View */ = {
			isa = PBXGroup;
			children = (
			);
			path = View;
			sourceTree = "<group>";
		};
		84F73A181FB14567004D9992 /* Mine */ = {
			isa = PBXGroup;
			children = (
				84F73A191FB14567004D9992 /* Controller */,
				84F73A1A1FB14567004D9992 /* Model */,
				84F73A1B1FB14567004D9992 /* View */,
			);
			path = Mine;
			sourceTree = "<group>";
		};
		84F73A191FB14567004D9992 /* Controller */ = {
			isa = PBXGroup;
			children = (
				84F73A291FB14636004D9992 /* LMMineViewController.h */,
				84F73A2A1FB14636004D9992 /* LMMineViewController.m */,
			);
			path = Controller;
			sourceTree = "<group>";
		};
		84F73A1A1FB14567004D9992 /* Model */ = {
			isa = PBXGroup;
			children = (
			);
			path = Model;
			sourceTree = "<group>";
		};
		84F73A1B1FB14567004D9992 /* View */ = {
			isa = PBXGroup;
			children = (
			);
			path = View;
			sourceTree = "<group>";
		};
		84F73A1C1FB14581004D9992 /* View */ = {
			isa = PBXGroup;
			children = (
				84F73A1D1FB145A7004D9992 /* LMTabBar.h */,
				84F73A1E1FB145A7004D9992 /* LMTabBar.m */,
			);
			path = View;
			sourceTree = "<group>";
		};
		84F73A3A1FB15051004D9992 /* LMHomeApi */ = {
			isa = PBXGroup;
			children = (
				84F73A3B1FB15065004D9992 /* LMHomeApi.h */,
				84F73A3C1FB15065004D9992 /* LMHomeApi.m */,
			);
			path = LMHomeApi;
			sourceTree = "<group>";
		};
		D4739749F10DA0BAFA0D90B7 /* Frameworks */ = {
			isa = PBXGroup;
			children = (
				B306CB64B1216D2255DAB3B4 /* libPods-LMQPLottery.a */,
			);
			name = Frameworks;
			sourceTree = "<group>";
		};
/* End PBXGroup section */

/* Begin PBXNativeTarget section */
		0F0BB0AD1FAF3B28004773E7 /* LMQPLottery */ = {
			isa = PBXNativeTarget;
			buildConfigurationList = 0F0BB0C41FAF3B28004773E7 /* Build configuration list for PBXNativeTarget "LMQPLottery" */;
			buildPhases = (
				FB8E00F96DA13BCB6D8BBE56 /* [CP] Check Pods Manifest.lock */,
				0F0BB0AA1FAF3B28004773E7 /* Sources */,
				0F0BB0AB1FAF3B28004773E7 /* Frameworks */,
				0F0BB0AC1FAF3B28004773E7 /* Resources */,
				2133663C810D40F5E761C403 /* [CP] Embed Pods Frameworks */,
				9123401D391448206A055A9F /* [CP] Copy Pods Resources */,
			);
			buildRules = (
			);
			dependencies = (
			);
			name = LMQPLottery;
			productName = LMQPLottery;
			productReference = 0F0BB0AE1FAF3B28004773E7 /* LMQPLottery.app */;
			productType = "com.apple.product-type.application";
		};
/* End PBXNativeTarget section */

/* Begin PBXProject section */
		0F0BB0A61FAF3B28004773E7 /* Project object */ = {
			isa = PBXProject;
			attributes = {
				LastUpgradeCheck = 0900;
				ORGANIZATIONNAME = "我的彩票";
				TargetAttributes = {
					0F0BB0AD1FAF3B28004773E7 = {
						CreatedOnToolsVersion = 9.0;
						ProvisioningStyle = Automatic;
					};
				};
			};
			buildConfigurationList = 0F0BB0A91FAF3B28004773E7 /* Build configuration list for PBXProject "LMQPLottery" */;
			compatibilityVersion = "Xcode 8.0";
			developmentRegion = en;
			hasScannedForEncodings = 0;
			knownRegions = (
				en,
				Base,
			);
			mainGroup = 0F0BB0A51FAF3B28004773E7;
			productRefGroup = 0F0BB0AF1FAF3B28004773E7 /* Products */;
			projectDirPath = "";
			projectRoot = "";
			targets = (
				0F0BB0AD1FAF3B28004773E7 /* LMQPLottery */,
			);
		};
/* End PBXProject section */

/* Begin PBXResourcesBuildPhase section */
		0F0BB0AC1FAF3B28004773E7 /* Resources */ = {
			isa = PBXResourcesBuildPhase;
			buildActionMask = 2147483647;
			files = (
				0F0949471FB3484400D74881 /* 液晶数字字体.TTF in Resources */,
				0F0949481FB3484400D74881 /* lcdd.TTF in Resources */,
				0F0949491FB3484400D74881 /* liuhecai.ttf in Resources */,
				0F09494A1FB3484400D74881 /* pmzd.ttf in Resources */,
				0F0BB0BE1FAF3B28004773E7 /* LaunchScreen.storyboard in Resources */,
				0F0BB0BB1FAF3B28004773E7 /* Assets.xcassets in Resources */,
			);
			runOnlyForDeploymentPostprocessing = 0;
		};
/* End PBXResourcesBuildPhase section */

/* Begin PBXShellScriptBuildPhase section */
		2133663C810D40F5E761C403 /* [CP] Embed Pods Frameworks */ = {
			isa = PBXShellScriptBuildPhase;
			buildActionMask = 2147483647;
			files = (
			);
			inputPaths = (
			);
			name = "[CP] Embed Pods Frameworks";
			outputPaths = (
			);
			runOnlyForDeploymentPostprocessing = 0;
			shellPath = /bin/sh;
			shellScript = "\"${SRCROOT}/Pods/Target Support Files/Pods-LMQPLottery/Pods-LMQPLottery-frameworks.sh\"\n";
			showEnvVarsInLog = 0;
		};
		9123401D391448206A055A9F /* [CP] Copy Pods Resources */ = {
			isa = PBXShellScriptBuildPhase;
			buildActionMask = 2147483647;
			files = (
			);
			inputPaths = (
			);
			name = "[CP] Copy Pods Resources";
			outputPaths = (
			);
			runOnlyForDeploymentPostprocessing = 0;
			shellPath = /bin/sh;
			shellScript = "\"${SRCROOT}/Pods/Target Support Files/Pods-LMQPLottery/Pods-LMQPLottery-resources.sh\"\n";
			showEnvVarsInLog = 0;
		};
		FB8E00F96DA13BCB6D8BBE56 /* [CP] Check Pods Manifest.lock */ = {
			isa = PBXShellScriptBuildPhase;
			buildActionMask = 2147483647;
			files = (
			);
			inputPaths = (
			);
			name = "[CP] Check Pods Manifest.lock";
			outputPaths = (
			);
			runOnlyForDeploymentPostprocessing = 0;
			shellPath = /bin/sh;
			shellScript = "diff \"${PODS_PODFILE_DIR_PATH}/Podfile.lock\" \"${PODS_ROOT}/Manifest.lock\" > /dev/null\nif [ $? != 0 ] ; then\n    # print error to STDERR\n    echo \"error: The sandbox is not in sync with the Podfile.lock. Run 'pod install' or update your CocoaPods installation.\" >&2\n    exit 1\nfi\n";
			showEnvVarsInLog = 0;
		};
/* End PBXShellScriptBuildPhase section */

/* Begin PBXSourcesBuildPhase section */
		0F0BB0AA1FAF3B28004773E7 /* Sources */ = {
			isa = PBXSourcesBuildPhase;
			buildActionMask = 2147483647;
			files = (
				84F73A311FB146DC004D9992 /* LMRechargeRoomController.m in Sources */,
				84F73A361FB14AA9004D9992 /* LMAppDelegate.m in Sources */,
				84F73A3D1FB15065004D9992 /* LMHomeApi.m in Sources */,
				0F0BB0E11FAF42E0004773E7 /* LMBaseModel.m in Sources */,
				0F0949461FB3459E00D74881 /* LotteryInformationCell.m in Sources */,
				0F0BB0F91FAF4B04004773E7 /* LMProgressHud.m in Sources */,
				84551EF81FB3026D008583C8 /* LMXLXCLotteryController.m in Sources */,
				84F73A391FB14FB0004D9992 /* LMHomeView.m in Sources */,
				84551EE61FB2C7A2008583C8 /* UIImage+GradientColor.m in Sources */,
				84F73A2B1FB14636004D9992 /* LMMineViewController.m in Sources */,
				0F0BB0F51FAF47CD004773E7 /* LMResponse.m in Sources */,
				0F0BB0D81FAF4257004773E7 /* LMTabBarController.m in Sources */,
				84551EEA1FB2EAF5008583C8 /* HomeLotteryModel.m in Sources */,
				844D1B8C1FB1BD1B009E90C6 /* HomeLotteryCell.m in Sources */,
				0F0BB0DE1FAF42C4004773E7 /* LMBaseController.m in Sources */,
				0F0BB0DB1FAF4273004773E7 /* LMNavigationController.m in Sources */,
				84551EE31FB29DC6008583C8 /* LoopTextScrollView.m in Sources */,
				84551EF21FB30198008583C8 /* LMPlayBaseController.m in Sources */,
				84F73A281FB14625004D9992 /* LMLotteryInformationController.m in Sources */,
				84F73A221FB145ED004D9992 /* LMBettingRecordController.m in Sources */,
				0F0BB0F11FAF476B004773E7 /* LMNetworkingManager.m in Sources */,
				0F0BB0FD1FAF500A004773E7 /* UIColor+Transform.m in Sources */,
				0F0BB0E41FAF42F1004773E7 /* LMBaseApi.m in Sources */,
				84551EEE1FB2F7B7008583C8 /* LMLotteryHallApi.m in Sources */,
				0F09494E1FB34D5900D74881 /* UIView+Frame.m in Sources */,
				84F73A251FB14606004D9992 /* LMHomeViewController.m in Sources */,
				0F0BB0C11FAF3B28004773E7 /* main.m in Sources */,
				84F73A1F1FB145A7004D9992 /* LMTabBar.m in Sources */,
				848A722F1FB0512F001AD512 /* LMCircleBannerView.m in Sources */,
			);
			runOnlyForDeploymentPostprocessing = 0;
		};
/* End PBXSourcesBuildPhase section */

/* Begin PBXVariantGroup section */
		0F0BB0BC1FAF3B28004773E7 /* LaunchScreen.storyboard */ = {
			isa = PBXVariantGroup;
			children = (
				0F0BB0BD1FAF3B28004773E7 /* Base */,
			);
			name = LaunchScreen.storyboard;
			sourceTree = "<group>";
		};
/* End PBXVariantGroup section */

/* Begin XCBuildConfiguration section */
		0F0BB0C21FAF3B28004773E7 /* Debug */ = {
			isa = XCBuildConfiguration;
			buildSettings = {
				ALWAYS_SEARCH_USER_PATHS = NO;
				CLANG_ANALYZER_NONNULL = YES;
				CLANG_ANALYZER_NUMBER_OBJECT_CONVERSION = YES_AGGRESSIVE;
				CLANG_CXX_LANGUAGE_STANDARD = "gnu++14";
				CLANG_CXX_LIBRARY = "libc++";
				CLANG_ENABLE_MODULES = YES;
				CLANG_ENABLE_OBJC_ARC = YES;
				CLANG_WARN_BLOCK_CAPTURE_AUTORELEASING = YES;
				CLANG_WARN_BOOL_CONVERSION = YES;
				CLANG_WARN_COMMA = YES;
				CLANG_WARN_CONSTANT_CONVERSION = YES;
				CLANG_WARN_DIRECT_OBJC_ISA_USAGE = YES_ERROR;
				CLANG_WARN_DOCUMENTATION_COMMENTS = YES;
				CLANG_WARN_EMPTY_BODY = YES;
				CLANG_WARN_ENUM_CONVERSION = YES;
				CLANG_WARN_INFINITE_RECURSION = YES;
				CLANG_WARN_INT_CONVERSION = YES;
				CLANG_WARN_NON_LITERAL_NULL_CONVERSION = YES;
				CLANG_WARN_OBJC_LITERAL_CONVERSION = YES;
				CLANG_WARN_OBJC_ROOT_CLASS = YES_ERROR;
				CLANG_WARN_RANGE_LOOP_ANALYSIS = YES;
				CLANG_WARN_STRICT_PROTOTYPES = YES;
				CLANG_WARN_SUSPICIOUS_MOVE = YES;
				CLANG_WARN_UNGUARDED_AVAILABILITY = YES_AGGRESSIVE;
				CLANG_WARN_UNREACHABLE_CODE = YES;
				CLANG_WARN__DUPLICATE_METHOD_MATCH = YES;
				CODE_SIGN_IDENTITY = "iPhone Developer";
				COPY_PHASE_STRIP = NO;
				DEBUG_INFORMATION_FORMAT = dwarf;
				ENABLE_STRICT_OBJC_MSGSEND = YES;
				ENABLE_TESTABILITY = YES;
				GCC_C_LANGUAGE_STANDARD = gnu11;
				GCC_DYNAMIC_NO_PIC = NO;
				GCC_NO_COMMON_BLOCKS = YES;
				GCC_OPTIMIZATION_LEVEL = 0;
				GCC_PREPROCESSOR_DEFINITIONS = (
					"DEBUG=1",
					"$(inherited)",
				);
				GCC_WARN_64_TO_32_BIT_CONVERSION = YES;
				GCC_WARN_ABOUT_RETURN_TYPE = YES_ERROR;
				GCC_WARN_UNDECLARED_SELECTOR = YES;
				GCC_WARN_UNINITIALIZED_AUTOS = YES_AGGRESSIVE;
				GCC_WARN_UNUSED_FUNCTION = YES;
				GCC_WARN_UNUSED_VARIABLE = YES;
				IPHONEOS_DEPLOYMENT_TARGET = 9.0;
				MTL_ENABLE_DEBUG_INFO = YES;
				ONLY_ACTIVE_ARCH = YES;
				SDKROOT = iphoneos;
			};
			name = Debug;
		};
		0F0BB0C31FAF3B28004773E7 /* Release */ = {
			isa = XCBuildConfiguration;
			buildSettings = {
				ALWAYS_SEARCH_USER_PATHS = NO;
				CLANG_ANALYZER_NONNULL = YES;
				CLANG_ANALYZER_NUMBER_OBJECT_CONVERSION = YES_AGGRESSIVE;
				CLANG_CXX_LANGUAGE_STANDARD = "gnu++14";
				CLANG_CXX_LIBRARY = "libc++";
				CLANG_ENABLE_MODULES = YES;
				CLANG_ENABLE_OBJC_ARC = YES;
				CLANG_WARN_BLOCK_CAPTURE_AUTORELEASING = YES;
				CLANG_WARN_BOOL_CONVERSION = YES;
				CLANG_WARN_COMMA = YES;
				CLANG_WARN_CONSTANT_CONVERSION = YES;
				CLANG_WARN_DIRECT_OBJC_ISA_USAGE = YES_ERROR;
				CLANG_WARN_DOCUMENTATION_COMMENTS = YES;
				CLANG_WARN_EMPTY_BODY = YES;
				CLANG_WARN_ENUM_CONVERSION = YES;
				CLANG_WARN_INFINITE_RECURSION = YES;
				CLANG_WARN_INT_CONVERSION = YES;
				CLANG_WARN_NON_LITERAL_NULL_CONVERSION = YES;
				CLANG_WARN_OBJC_LITERAL_CONVERSION = YES;
				CLANG_WARN_OBJC_ROOT_CLASS = YES_ERROR;
				CLANG_WARN_RANGE_LOOP_ANALYSIS = YES;
				CLANG_WARN_STRICT_PROTOTYPES = YES;
				CLANG_WARN_SUSPICIOUS_MOVE = YES;
				CLANG_WARN_UNGUARDED_AVAILABILITY = YES_AGGRESSIVE;
				CLANG_WARN_UNREACHABLE_CODE = YES;
				CLANG_WARN__DUPLICATE_METHOD_MATCH = YES;
				CODE_SIGN_IDENTITY = "iPhone Developer";
				COPY_PHASE_STRIP = NO;
				DEBUG_INFORMATION_FORMAT = "dwarf-with-dsym";
				ENABLE_NS_ASSERTIONS = NO;
				ENABLE_STRICT_OBJC_MSGSEND = YES;
				GCC_C_LANGUAGE_STANDARD = gnu11;
				GCC_NO_COMMON_BLOCKS = YES;
				GCC_WARN_64_TO_32_BIT_CONVERSION = YES;
				GCC_WARN_ABOUT_RETURN_TYPE = YES_ERROR;
				GCC_WARN_UNDECLARED_SELECTOR = YES;
				GCC_WARN_UNINITIALIZED_AUTOS = YES_AGGRESSIVE;
				GCC_WARN_UNUSED_FUNCTION = YES;
				GCC_WARN_UNUSED_VARIABLE = YES;
				IPHONEOS_DEPLOYMENT_TARGET = 9.0;
				MTL_ENABLE_DEBUG_INFO = NO;
				SDKROOT = iphoneos;
				VALIDATE_PRODUCT = YES;
			};
			name = Release;
		};
		0F0BB0C51FAF3B28004773E7 /* Debug */ = {
			isa = XCBuildConfiguration;
			baseConfigurationReference = B41B6C75DE253F90A1B34989 /* Pods-LMQPLottery.debug.xcconfig */;
			buildSettings = {
				ASSETCATALOG_COMPILER_APPICON_NAME = AppIcon;
				CODE_SIGN_STYLE = Automatic;
				DEVELOPMENT_TEAM = 7FY57H4H7A;
				GCC_PREFIX_HEADER = "$(SRCROOT)/LMQPLottery/Support/PCH/LMPrefixHeader.pch";
				INFOPLIST_FILE = LMQPLottery/Info.plist;
				LD_RUNPATH_SEARCH_PATHS = "$(inherited) @executable_path/Frameworks";
				PRODUCT_BUNDLE_IDENTIFIER = com.LMin.LMQPLottery;
				PRODUCT_NAME = "$(TARGET_NAME)";
				TARGETED_DEVICE_FAMILY = "1,2";
			};
			name = Debug;
		};
		0F0BB0C61FAF3B28004773E7 /* Release */ = {
			isa = XCBuildConfiguration;
			baseConfigurationReference = D0F830393252B24B7D9A6298 /* Pods-LMQPLottery.release.xcconfig */;
			buildSettings = {
				ASSETCATALOG_COMPILER_APPICON_NAME = AppIcon;
				CODE_SIGN_STYLE = Automatic;
				DEVELOPMENT_TEAM = 7FY57H4H7A;
				GCC_PREFIX_HEADER = "$(SRCROOT)/LMQPLottery/Support/PCH/LMPrefixHeader.pch";
				INFOPLIST_FILE = LMQPLottery/Info.plist;
				LD_RUNPATH_SEARCH_PATHS = "$(inherited) @executable_path/Frameworks";
				PRODUCT_BUNDLE_IDENTIFIER = com.LMin.LMQPLottery;
				PRODUCT_NAME = "$(TARGET_NAME)";
				TARGETED_DEVICE_FAMILY = "1,2";
			};
			name = Release;
		};
/* End XCBuildConfiguration section */

/* Begin XCConfigurationList section */
		0F0BB0A91FAF3B28004773E7 /* Build configuration list for PBXProject "LMQPLottery" */ = {
			isa = XCConfigurationList;
			buildConfigurations = (
				0F0BB0C21FAF3B28004773E7 /* Debug */,
				0F0BB0C31FAF3B28004773E7 /* Release */,
			);
			defaultConfigurationIsVisible = 0;
			defaultConfigurationName = Release;
		};
		0F0BB0C41FAF3B28004773E7 /* Build configuration list for PBXNativeTarget "LMQPLottery" */ = {
			isa = XCConfigurationList;
			buildConfigurations = (
				0F0BB0C51FAF3B28004773E7 /* Debug */,
				0F0BB0C61FAF3B28004773E7 /* Release */,
			);
			defaultConfigurationIsVisible = 0;
			defaultConfigurationName = Release;
		};
/* End XCConfigurationList section */
	};
	rootObject = 0F0BB0A61FAF3B28004773E7 /* Project object */;
}
